
Microsoft Visual Studio Solution File, Format Version 12.00
# Visual Studio Version 17
VisualStudioVersion = 17.3.32922.545
MinimumVisualStudioVersion = 10.0.40219.1
Project("{FAE04EC0-301F-11D3-BF4B-00C04F79EFBC}") = "HospitalProject", "HospitalProject\HospitalProject.csproj", "{8B983160-A30E-4C6D-9443-140E2073602E}"
EndProject
Global
	GlobalSection(SolutionConfigurationPlatforms) = preSolution
		Debug|Any CPU = Debug|Any CPU
		Release|Any CPU = Release|Any CPU
	EndGlobalSection
	GlobalSection(ProjectConfigurationPlatforms) = postSolution
		{8B983160-A30E-4C6D-9443-140E2073602E}.Debug|Any CPU.ActiveCfg = Debug|Any CPU
		{8B983160-A30E-4C6D-9443-140E2073602E}.Debug|Any CPU.Build.0 = Debug|Any CPU
		{8B983160-A30E-4C6D-9443-140E2073602E}.Release|Any CPU.ActiveCfg = Release|Any CPU
		{8B983160-A30E-4C6D-9443-140E2073602E}.Release|Any CPU.Build.0 = Release|Any CPU
	EndGlobalSection
	GlobalSection(SolutionProperties) = preSolution
		HideSolutionNode = FALSE
	EndGlobalSection
	GlobalSection(ExtensibilityGlobals) = postSolution
		SolutionGuid = {214E442B-3A8B-4665-952C-A0F45F8288B6}
	EndGlobalSection
EndGlobal
